// !$*UTF8*$!
{
	archiveVersion = 1;
	classes = {
	};
	objectVersion = 55;
	objects = {

/* Begin PBXBuildFile section */
		84490C9F298E7E8000802C22 /* FriendsViewController.swift in Sources */ = {isa = PBXBuildFile; fileRef = 84490C9E298E7E8000802C22 /* FriendsViewController.swift */; };
		84490CA1298E94F900802C22 /* UserTableViewCell.swift in Sources */ = {isa = PBXBuildFile; fileRef = 84490CA0298E94F900802C22 /* UserTableViewCell.swift */; };
		84490CA3298EB1D600802C22 /* User.swift in Sources */ = {isa = PBXBuildFile; fileRef = 84490CA2298EB1D600802C22 /* User.swift */; };
		84490CA5298EB45500802C22 /* ModelUser.swift in Sources */ = {isa = PBXBuildFile; fileRef = 84490CA4298EB45500802C22 /* ModelUser.swift */; };
		84490CA9298FAC4900802C22 /* GroupsViewController.swift in Sources */ = {isa = PBXBuildFile; fileRef = 84490CA8298FAC4900802C22 /* GroupsViewController.swift */; };
		84490CAB298FB82B00802C22 /* GroupTableViewCell.swift in Sources */ = {isa = PBXBuildFile; fileRef = 84490CAA298FB82B00802C22 /* GroupTableViewCell.swift */; };
		84490CAD298FC89C00802C22 /* Group.swift in Sources */ = {isa = PBXBuildFile; fileRef = 84490CAC298FC89C00802C22 /* Group.swift */; };
		84490CAF298FC9CB00802C22 /* ModelGroup.swift in Sources */ = {isa = PBXBuildFile; fileRef = 84490CAE298FC9CB00802C22 /* ModelGroup.swift */; };
		84490CB2298FDED300802C22 /* NewGroupsViewController.swift in Sources */ = {isa = PBXBuildFile; fileRef = 84490CB1298FDED300802C22 /* NewGroupsViewController.swift */; };
		84490CB4298FE40E00802C22 /* NewGroupTableViewCell.swift in Sources */ = {isa = PBXBuildFile; fileRef = 84490CB3298FE40E00802C22 /* NewGroupTableViewCell.swift */; };
		84490CB6298FE60200802C22 /* NewGroups.swift in Sources */ = {isa = PBXBuildFile; fileRef = 84490CB5298FE60200802C22 /* NewGroups.swift */; };
		84490CB8298FE64F00802C22 /* ModelNewGroups.swift in Sources */ = {isa = PBXBuildFile; fileRef = 84490CB7298FE64F00802C22 /* ModelNewGroups.swift */; };
		849E0C20295999F3004814BA /* AppDelegate.swift in Sources */ = {isa = PBXBuildFile; fileRef = 849E0C1F295999F3004814BA /* AppDelegate.swift */; };
		849E0C22295999F3004814BA /* SceneDelegate.swift in Sources */ = {isa = PBXBuildFile; fileRef = 849E0C21295999F3004814BA /* SceneDelegate.swift */; };
		849E0C24295999F3004814BA /* ViewController.swift in Sources */ = {isa = PBXBuildFile; fileRef = 849E0C23295999F3004814BA /* ViewController.swift */; };
		849E0C27295999F3004814BA /* Main.storyboard in Resources */ = {isa = PBXBuildFile; fileRef = 849E0C25295999F3004814BA /* Main.storyboard */; };
		849E0C29295999F6004814BA /* Assets.xcassets in Resources */ = {isa = PBXBuildFile; fileRef = 849E0C28295999F6004814BA /* Assets.xcassets */; };
		849E0C2C295999F6004814BA /* LaunchScreen.storyboard in Resources */ = {isa = PBXBuildFile; fileRef = 849E0C2A295999F6004814BA /* LaunchScreen.storyboard */; };
/* End PBXBuildFile section */

/* Begin PBXFileReference section */
		84490C9E298E7E8000802C22 /* FriendsViewController.swift */ = {isa = PBXFileReference; lastKnownFileType = sourcecode.swift; path = FriendsViewController.swift; sourceTree = "<group>"; };
		84490CA0298E94F900802C22 /* UserTableViewCell.swift */ = {isa = PBXFileReference; lastKnownFileType = sourcecode.swift; path = UserTableViewCell.swift; sourceTree = "<group>"; };
		84490CA2298EB1D600802C22 /* User.swift */ = {isa = PBXFileReference; lastKnownFileType = sourcecode.swift; path = User.swift; sourceTree = "<group>"; };
		84490CA4298EB45500802C22 /* ModelUser.swift */ = {isa = PBXFileReference; lastKnownFileType = sourcecode.swift; path = ModelUser.swift; sourceTree = "<group>"; };
		84490CA8298FAC4900802C22 /* GroupsViewController.swift */ = {isa = PBXFileReference; lastKnownFileType = sourcecode.swift; path = GroupsViewController.swift; sourceTree = "<group>"; };
		84490CAA298FB82B00802C22 /* GroupTableViewCell.swift */ = {isa = PBXFileReference; lastKnownFileType = sourcecode.swift; path = GroupTableViewCell.swift; sourceTree = "<group>"; };
		84490CAC298FC89C00802C22 /* Group.swift */ = {isa = PBXFileReference; lastKnownFileType = sourcecode.swift; path = Group.swift; sourceTree = "<group>"; };
		84490CAE298FC9CB00802C22 /* ModelGroup.swift */ = {isa = PBXFileReference; lastKnownFileType = sourcecode.swift; path = ModelGroup.swift; sourceTree = "<group>"; };
		84490CB1298FDED300802C22 /* NewGroupsViewController.swift */ = {isa = PBXFileReference; lastKnownFileType = sourcecode.swift; path = NewGroupsViewController.swift; sourceTree = "<group>"; };
		84490CB3298FE40E00802C22 /* NewGroupTableViewCell.swift */ = {isa = PBXFileReference; lastKnownFileType = sourcecode.swift; path = NewGroupTableViewCell.swift; sourceTree = "<group>"; };
		84490CB5298FE60200802C22 /* NewGroups.swift */ = {isa = PBXFileReference; lastKnownFileType = sourcecode.swift; path = NewGroups.swift; sourceTree = "<group>"; };
		84490CB7298FE64F00802C22 /* ModelNewGroups.swift */ = {isa = PBXFileReference; lastKnownFileType = sourcecode.swift; path = ModelNewGroups.swift; sourceTree = "<group>"; };
		849E0C1C295999F3004814BA /* GeekbrainsUI.app */ = {isa = PBXFileReference; explicitFileType = wrapper.application; includeInIndex = 0; path = GeekbrainsUI.app; sourceTree = BUILT_PRODUCTS_DIR; };
		849E0C1F295999F3004814BA /* AppDelegate.swift */ = {isa = PBXFileReference; lastKnownFileType = sourcecode.swift; path = AppDelegate.swift; sourceTree = "<group>"; };
		849E0C21295999F3004814BA /* SceneDelegate.swift */ = {isa = PBXFileReference; lastKnownFileType = sourcecode.swift; path = SceneDelegate.swift; sourceTree = "<group>"; };
		849E0C23295999F3004814BA /* ViewController.swift */ = {isa = PBXFileReference; lastKnownFileType = sourcecode.swift; path = ViewController.swift; sourceTree = "<group>"; };
		849E0C26295999F3004814BA /* Base */ = {isa = PBXFileReference; lastKnownFileType = file.storyboard; name = Base; path = Base.lproj/Main.storyboard; sourceTree = "<group>"; };
		849E0C28295999F6004814BA /* Assets.xcassets */ = {isa = PBXFileReference; lastKnownFileType = folder.assetcatalog; path = Assets.xcassets; sourceTree = "<group>"; };
		849E0C2B295999F6004814BA /* Base */ = {isa = PBXFileReference; lastKnownFileType = file.storyboard; name = Base; path = Base.lproj/LaunchScreen.storyboard; sourceTree = "<group>"; };
		849E0C2D295999F6004814BA /* Info.plist */ = {isa = PBXFileReference; lastKnownFileType = text.plist.xml; path = Info.plist; sourceTree = "<group>"; };
/* End PBXFileReference section */

/* Begin PBXFrameworksBuildPhase section */
		849E0C19295999F3004814BA /* Frameworks */ = {
			isa = PBXFrameworksBuildPhase;
			buildActionMask = 2147483647;
			files = (
			);
			runOnlyForDeploymentPostprocessing = 0;
		};
/* End PBXFrameworksBuildPhase section */

/* Begin PBXGroup section */
		84490CA6298EC0D900802C22 /* Friends */ = {
			isa = PBXGroup;
			children = (
				84490C9E298E7E8000802C22 /* FriendsViewController.swift */,
				84490CA0298E94F900802C22 /* UserTableViewCell.swift */,
				84490CA2298EB1D600802C22 /* User.swift */,
				84490CA4298EB45500802C22 /* ModelUser.swift */,
			);
			path = Friends;
			sourceTree = "<group>";
		};
		84490CA7298FABE000802C22 /* Groups */ = {
			isa = PBXGroup;
			children = (
				84490CA8298FAC4900802C22 /* GroupsViewController.swift */,
				84490CAA298FB82B00802C22 /* GroupTableViewCell.swift */,
				84490CAC298FC89C00802C22 /* Group.swift */,
				84490CAE298FC9CB00802C22 /* ModelGroup.swift */,
			);
			path = Groups;
			sourceTree = "<group>";
		};
		84490CB0298FDE5200802C22 /* NewGroups */ = {
			isa = PBXGroup;
			children = (
				84490CB1298FDED300802C22 /* NewGroupsViewController.swift */,
				84490CB3298FE40E00802C22 /* NewGroupTableViewCell.swift */,
				84490CB5298FE60200802C22 /* NewGroups.swift */,
				84490CB7298FE64F00802C22 /* ModelNewGroups.swift */,
			);
			path = NewGroups;
			sourceTree = "<group>";
		};
		849E0C13295999F3004814BA = {
			isa = PBXGroup;
			children = (
				849E0C1E295999F3004814BA /* GeekbrainsUI */,
				849E0C1D295999F3004814BA /* Products */,
			);
			sourceTree = "<group>";
		};
		849E0C1D295999F3004814BA /* Products */ = {
			isa = PBXGroup;
			children = (
				849E0C1C295999F3004814BA /* GeekbrainsUI.app */,
			);
			name = Products;
			sourceTree = "<group>";
		};
		849E0C1E295999F3004814BA /* GeekbrainsUI */ = {
			isa = PBXGroup;
			children = (
				849E0C21295999F3004814BA /* SceneDelegate.swift */,
				849E0C23295999F3004814BA /* ViewController.swift */,
				849E0C25295999F3004814BA /* Main.storyboard */,
				849E0C28295999F6004814BA /* Assets.xcassets */,
				849E0C2A295999F6004814BA /* LaunchScreen.storyboard */,
				849E0C2D295999F6004814BA /* Info.plist */,
				849E0C1F295999F3004814BA /* AppDelegate.swift */,
				84490CA6298EC0D900802C22 /* Friends */,
				84490CA7298FABE000802C22 /* Groups */,
				84490CB0298FDE5200802C22 /* NewGroups */,
				84D1A3FF299246FE00867C8B /* Gallery */,
			);
			path = GeekbrainsUI;
			sourceTree = "<group>";
		};
		84D1A3FF299246FE00867C8B /* Gallery */ = {
			isa = PBXGroup;
			children = (
			);
			path = Gallery;
			sourceTree = "<group>";
		};
/* End PBXGroup section */

/* Begin PBXNativeTarget section */
		849E0C1B295999F3004814BA /* GeekbrainsUI */ = {
			isa = PBXNativeTarget;
			buildConfigurationList = 849E0C30295999F6004814BA /* Build configuration list for PBXNativeTarget "GeekbrainsUI" */;
			buildPhases = (
				849E0C18295999F3004814BA /* Sources */,
				849E0C19295999F3004814BA /* Frameworks */,
				849E0C1A295999F3004814BA /* Resources */,
			);
			buildRules = (
			);
			dependencies = (
			);
			name = GeekbrainsUI;
			productName = GeekbrainsUI;
			productReference = 849E0C1C295999F3004814BA /* GeekbrainsUI.app */;
			productType = "com.apple.product-type.application";
		};
/* End PBXNativeTarget section */

/* Begin PBXProject section */
		849E0C14295999F3004814BA /* Project object */ = {
			isa = PBXProject;
			attributes = {
				BuildIndependentTargetsInParallel = 1;
				LastSwiftUpdateCheck = 1340;
				LastUpgradeCheck = 1340;
				TargetAttributes = {
					849E0C1B295999F3004814BA = {
						CreatedOnToolsVersion = 13.4.1;
					};
				};
			};
			buildConfigurationList = 849E0C17295999F3004814BA /* Build configuration list for PBXProject "GeekbrainsUI" */;
			compatibilityVersion = "Xcode 13.0";
			developmentRegion = en;
			hasScannedForEncodings = 0;
			knownRegions = (
				en,
				Base,
			);
			mainGroup = 849E0C13295999F3004814BA;
			productRefGroup = 849E0C1D295999F3004814BA /* Products */;
			projectDirPath = "";
			projectRoot = "";
			targets = (
				849E0C1B295999F3004814BA /* GeekbrainsUI */,
			);
		};
/* End PBXProject section */

/* Begin PBXResourcesBuildPhase section */
		849E0C1A295999F3004814BA /* Resources */ = {
			isa = PBXResourcesBuildPhase;
			buildActionMask = 2147483647;
			files = (
				849E0C2C295999F6004814BA /* LaunchScreen.storyboard in Resources */,
				849E0C29295999F6004814BA /* Assets.xcassets in Resources */,
				849E0C27295999F3004814BA /* Main.storyboard in Resources */,
			);
			runOnlyForDeploymentPostprocessing = 0;
		};
/* End PBXResourcesBuildPhase section */

/* Begin PBXSourcesBuildPhase section */
		849E0C18295999F3004814BA /* Sources */ = {
			isa = PBXSourcesBuildPhase;
			buildActionMask = 2147483647;
			files = (
				84490CB4298FE40E00802C22 /* NewGroupTableViewCell.swift in Sources */,
				84490CAF298FC9CB00802C22 /* ModelGroup.swift in Sources */,
				84490CAB298FB82B00802C22 /* GroupTableViewCell.swift in Sources */,
				84490C9F298E7E8000802C22 /* FriendsViewController.swift in Sources */,
				849E0C24295999F3004814BA /* ViewController.swift in Sources */,
				84490CB8298FE64F00802C22 /* ModelNewGroups.swift in Sources */,
				84490CAD298FC89C00802C22 /* Group.swift in Sources */,
				84490CB6298FE60200802C22 /* NewGroups.swift in Sources */,
				84490CB2298FDED300802C22 /* NewGroupsViewController.swift in Sources */,
				84490CA3298EB1D600802C22 /* User.swift in Sources */,
				849E0C20295999F3004814BA /* AppDelegate.swift in Sources */,
				84490CA9298FAC4900802C22 /* GroupsViewController.swift in Sources */,
				84490CA5298EB45500802C22 /* ModelUser.swift in Sources */,
				849E0C22295999F3004814BA /* SceneDelegate.swift in Sources */,
				84490CA1298E94F900802C22 /* UserTableViewCell.swift in Sources */,
			);
			runOnlyForDeploymentPostprocessing = 0;
		};
/* End PBXSourcesBuildPhase section */

/* Begin PBXVariantGroup section */
		849E0C25295999F3004814BA /* Main.storyboard */ = {
			isa = PBXVariantGroup;
			children = (
				849E0C26295999F3004814BA /* Base */,
			);
			name = Main.storyboard;
			sourceTree = "<group>";
		};
		849E0C2A295999F6004814BA /* LaunchScreen.storyboard */ = {
			isa = PBXVariantGroup;
			children = (
				849E0C2B295999F6004814BA /* Base */,
			);
			name = LaunchScreen.storyboard;
			sourceTree = "<group>";
		};
/* End PBXVariantGroup section */

/* Begin XCBuildConfiguration section */
		849E0C2E295999F6004814BA /* Debug */ = {
			isa = XCBuildConfiguration;
			buildSettings = {
				ALWAYS_SEARCH_USER_PATHS = NO;
				CLANG_ANALYZER_NONNULL = YES;
				CLANG_ANALYZER_NUMBER_OBJECT_CONVERSION = YES_AGGRESSIVE;
				CLANG_CXX_LANGUAGE_STANDARD = "gnu++17";
				CLANG_ENABLE_MODULES = YES;
				CLANG_ENABLE_OBJC_ARC = YES;
				CLANG_ENABLE_OBJC_WEAK = YES;
				CLANG_WARN_BLOCK_CAPTURE_AUTORELEASING = YES;
				CLANG_WARN_BOOL_CONVERSION = YES;
				CLANG_WARN_COMMA = YES;
				CLANG_WARN_CONSTANT_CONVERSION = YES;
				CLANG_WARN_DEPRECATED_OBJC_IMPLEMENTATIONS = YES;
				CLANG_WARN_DIRECT_OBJC_ISA_USAGE = YES_ERROR;
				CLANG_WARN_DOCUMENTATION_COMMENTS = YES;
				CLANG_WARN_EMPTY_BODY = YES;
				CLANG_WARN_ENUM_CONVERSION = YES;
				CLANG_WARN_INFINITE_RECURSION = YES;
				CLANG_WARN_INT_CONVERSION = YES;
				CLANG_WARN_NON_LITERAL_NULL_CONVERSION = YES;
				CLANG_WARN_OBJC_IMPLICIT_RETAIN_SELF = YES;
				CLANG_WARN_OBJC_LITERAL_CONVERSION = YES;
				CLANG_WARN_OBJC_ROOT_CLASS = YES_ERROR;
				CLANG_WARN_QUOTED_INCLUDE_IN_FRAMEWORK_HEADER = YES;
				CLANG_WARN_RANGE_LOOP_ANALYSIS = YES;
				CLANG_WARN_STRICT_PROTOTYPES = YES;
				CLANG_WARN_SUSPICIOUS_MOVE = YES;
				CLANG_WARN_UNGUARDED_AVAILABILITY = YES_AGGRESSIVE;
				CLANG_WARN_UNREACHABLE_CODE = YES;
				CLANG_WARN__DUPLICATE_METHOD_MATCH = YES;
				COPY_PHASE_STRIP = NO;
				DEBUG_INFORMATION_FORMAT = dwarf;
				ENABLE_STRICT_OBJC_MSGSEND = YES;
				ENABLE_TESTABILITY = YES;
				GCC_C_LANGUAGE_STANDARD = gnu11;
				GCC_DYNAMIC_NO_PIC = NO;
				GCC_NO_COMMON_BLOCKS = YES;
				GCC_OPTIMIZATION_LEVEL = 0;
				GCC_PREPROCESSOR_DEFINITIONS = (
					"DEBUG=1",
					"$(inherited)",
				);
				GCC_WARN_64_TO_32_BIT_CONVERSION = YES;
				GCC_WARN_ABOUT_RETURN_TYPE = YES_ERROR;
				GCC_WARN_UNDECLARED_SELECTOR = YES;
				GCC_WARN_UNINITIALIZED_AUTOS = YES_AGGRESSIVE;
				GCC_WARN_UNUSED_FUNCTION = YES;
				GCC_WARN_UNUSED_VARIABLE = YES;
				IPHONEOS_DEPLOYMENT_TARGET = 15.5;
				MTL_ENABLE_DEBUG_INFO = INCLUDE_SOURCE;
				MTL_FAST_MATH = YES;
				ONLY_ACTIVE_ARCH = YES;
				SDKROOT = iphoneos;
				SWIFT_ACTIVE_COMPILATION_CONDITIONS = DEBUG;
				SWIFT_OPTIMIZATION_LEVEL = "-Onone";
			};
			name = Debug;
		};
		849E0C2F295999F6004814BA /* Release */ = {
			isa = XCBuildConfiguration;
			buildSettings = {
				ALWAYS_SEARCH_USER_PATHS = NO;
				CLANG_ANALYZER_NONNULL = YES;
				CLANG_ANALYZER_NUMBER_OBJECT_CONVERSION = YES_AGGRESSIVE;
				CLANG_CXX_LANGUAGE_STANDARD = "gnu++17";
				CLANG_ENABLE_MODULES = YES;
				CLANG_ENABLE_OBJC_ARC = YES;
				CLANG_ENABLE_OBJC_WEAK = YES;
				CLANG_WARN_BLOCK_CAPTURE_AUTORELEASING = YES;
				CLANG_WARN_BOOL_CONVERSION = YES;
				CLANG_WARN_COMMA = YES;
				CLANG_WARN_CONSTANT_CONVERSION = YES;
				CLANG_WARN_DEPRECATED_OBJC_IMPLEMENTATIONS = YES;
				CLANG_WARN_DIRECT_OBJC_ISA_USAGE = YES_ERROR;
				CLANG_WARN_DOCUMENTATION_COMMENTS = YES;
				CLANG_WARN_EMPTY_BODY = YES;
				CLANG_WARN_ENUM_CONVERSION = YES;
				CLANG_WARN_INFINITE_RECURSION = YES;
				CLANG_WARN_INT_CONVERSION = YES;
				CLANG_WARN_NON_LITERAL_NULL_CONVERSION = YES;
				CLANG_WARN_OBJC_IMPLICIT_RETAIN_SELF = YES;
				CLANG_WARN_OBJC_LITERAL_CONVERSION = YES;
				CLANG_WARN_OBJC_ROOT_CLASS = YES_ERROR;
				CLANG_WARN_QUOTED_INCLUDE_IN_FRAMEWORK_HEADER = YES;
				CLANG_WARN_RANGE_LOOP_ANALYSIS = YES;
				CLANG_WARN_STRICT_PROTOTYPES = YES;
				CLANG_WARN_SUSPICIOUS_MOVE = YES;
				CLANG_WARN_UNGUARDED_AVAILABILITY = YES_AGGRESSIVE;
				CLANG_WARN_UNREACHABLE_CODE = YES;
				CLANG_WARN__DUPLICATE_METHOD_MATCH = YES;
				COPY_PHASE_STRIP = NO;
				DEBUG_INFORMATION_FORMAT = "dwarf-with-dsym";
				ENABLE_NS_ASSERTIONS = NO;
				ENABLE_STRICT_OBJC_MSGSEND = YES;
				GCC_C_LANGUAGE_STANDARD = gnu11;
				GCC_NO_COMMON_BLOCKS = YES;
				GCC_WARN_64_TO_32_BIT_CONVERSION = YES;
				GCC_WARN_ABOUT_RETURN_TYPE = YES_ERROR;
				GCC_WARN_UNDECLARED_SELECTOR = YES;
				GCC_WARN_UNINITIALIZED_AUTOS = YES_AGGRESSIVE;
				GCC_WARN_UNUSED_FUNCTION = YES;
				GCC_WARN_UNUSED_VARIABLE = YES;
				IPHONEOS_DEPLOYMENT_TARGET = 15.5;
				MTL_ENABLE_DEBUG_INFO = NO;
				MTL_FAST_MATH = YES;
				SDKROOT = iphoneos;
				SWIFT_COMPILATION_MODE = wholemodule;
				SWIFT_OPTIMIZATION_LEVEL = "-O";
				VALIDATE_PRODUCT = YES;
			};
			name = Release;
		};
		849E0C31295999F6004814BA /* Debug */ = {
			isa = XCBuildConfiguration;
			buildSettings = {
				ASSETCATALOG_COMPILER_APPICON_NAME = AppIcon;
				ASSETCATALOG_COMPILER_GLOBAL_ACCENT_COLOR_NAME = AccentColor;
				CODE_SIGN_STYLE = Automatic;
				CURRENT_PROJECT_VERSION = 1;
				GENERATE_INFOPLIST_FILE = YES;
				INFOPLIST_FILE = GeekbrainsUI/Info.plist;
				INFOPLIST_KEY_UIApplicationSupportsIndirectInputEvents = YES;
				INFOPLIST_KEY_UILaunchStoryboardName = LaunchScreen;
				INFOPLIST_KEY_UIMainStoryboardFile = Main;
				INFOPLIST_KEY_UISupportedInterfaceOrientations_iPad = "UIInterfaceOrientationPortrait UIInterfaceOrientationPortraitUpsideDown UIInterfaceOrientationLandscapeLeft UIInterfaceOrientationLandscapeRight";
				INFOPLIST_KEY_UISupportedInterfaceOrientations_iPhone = "UIInterfaceOrientationPortrait UIInterfaceOrientationLandscapeLeft UIInterfaceOrientationLandscapeRight";
				LD_RUNPATH_SEARCH_PATHS = (
					"$(inherited)",
					"@executable_path/Frameworks",
				);
				MARKETING_VERSION = 1.0;
				PRODUCT_BUNDLE_IDENTIFIER = com.icodears.GeekbrainsUI;
				PRODUCT_NAME = "$(TARGET_NAME)";
				SWIFT_EMIT_LOC_STRINGS = YES;
				SWIFT_VERSION = 5.0;
				TARGETED_DEVICE_FAMILY = "1,2";
			};
			name = Debug;
		};
		849E0C32295999F6004814BA /* Release */ = {
			isa = XCBuildConfiguration;
			buildSettings = {
				ASSETCATALOG_COMPILER_APPICON_NAME = AppIcon;
				ASSETCATALOG_COMPILER_GLOBAL_ACCENT_COLOR_NAME = AccentColor;
				CODE_SIGN_STYLE = Automatic;
				CURRENT_PROJECT_VERSION = 1;
				GENERATE_INFOPLIST_FILE = YES;
				INFOPLIST_FILE = GeekbrainsUI/Info.plist;
				INFOPLIST_KEY_UIApplicationSupportsIndirectInputEvents = YES;
				INFOPLIST_KEY_UILaunchStoryboardName = LaunchScreen;
				INFOPLIST_KEY_UIMainStoryboardFile = Main;
				INFOPLIST_KEY_UISupportedInterfaceOrientations_iPad = "UIInterfaceOrientationPortrait UIInterfaceOrientationPortraitUpsideDown UIInterfaceOrientationLandscapeLeft UIInterfaceOrientationLandscapeRight";
				INFOPLIST_KEY_UISupportedInterfaceOrientations_iPhone = "UIInterfaceOrientationPortrait UIInterfaceOrientationLandscapeLeft UIInterfaceOrientationLandscapeRight";
				LD_RUNPATH_SEARCH_PATHS = (
					"$(inherited)",
					"@executable_path/Frameworks",
				);
				MARKETING_VERSION = 1.0;
				PRODUCT_BUNDLE_IDENTIFIER = com.icodears.GeekbrainsUI;
				PRODUCT_NAME = "$(TARGET_NAME)";
				SWIFT_EMIT_LOC_STRINGS = YES;
				SWIFT_VERSION = 5.0;
				TARGETED_DEVICE_FAMILY = "1,2";
			};
			name = Release;
		};
/* End XCBuildConfiguration section */

/* Begin XCConfigurationList section */
		849E0C17295999F3004814BA /* Build configuration list for PBXProject "GeekbrainsUI" */ = {
			isa = XCConfigurationList;
			buildConfigurations = (
				849E0C2E295999F6004814BA /* Debug */,
				849E0C2F295999F6004814BA /* Release */,
			);
			defaultConfigurationIsVisible = 0;
			defaultConfigurationName = Release;
		};
		849E0C30295999F6004814BA /* Build configuration list for PBXNativeTarget "GeekbrainsUI" */ = {
			isa = XCConfigurationList;
			buildConfigurations = (
				849E0C31295999F6004814BA /* Debug */,
				849E0C32295999F6004814BA /* Release */,
			);
			defaultConfigurationIsVisible = 0;
			defaultConfigurationName = Release;
		};
/* End XCConfigurationList section */
	};
	rootObject = 849E0C14295999F3004814BA /* Project object */;
}
